
Microsoft Visual Studio Solution File, Format Version 12.00
# Visual Studio Version 17
VisualStudioVersion = 17.9.34607.119
MinimumVisualStudioVersion = 10.0.40219.1
Project("{9A19103F-16F7-4668-BE54-9A1E7A4F7556}") = "SchoolApp.API", "School.API\SchoolApp.API.csproj", "{C5ECAB1E-12FD-46AE-8838-B62676F9BAE8}"
EndProject
Global
	GlobalSection(SolutionConfigurationPlatforms) = preSolution
		Debug|Any CPU = Debug|Any CPU
		Release|Any CPU = Release|Any CPU
	EndGlobalSection
	GlobalSection(ProjectConfigurationPlatforms) = postSolution
		{C5ECAB1E-12FD-46AE-8838-B62676F9BAE8}.Debug|Any CPU.ActiveCfg = Debug|Any CPU
		{C5ECAB1E-12FD-46AE-8838-B62676F9BAE8}.Debug|Any CPU.Build.0 = Debug|Any CPU
		{C5ECAB1E-12FD-46AE-8838-B62676F9BAE8}.Release|Any CPU.ActiveCfg = Release|Any CPU
		{C5ECAB1E-12FD-46AE-8838-B62676F9BAE8}.Release|Any CPU.Build.0 = Release|Any CPU
	EndGlobalSection
	GlobalSection(SolutionProperties) = preSolution
		HideSolutionNode = FALSE
	EndGlobalSection
	GlobalSection(ExtensibilityGlobals) = postSolution
		SolutionGuid = {1CA96ABD-43AC-412F-81C7-0C5D5C77DE1E}
	EndGlobalSection
EndGlobal
